// !$*UTF8*$!
{
	archiveVersion = 1;
	classes = {
	};
	objectVersion = 51;
	objects = {

/* Begin PBXBuildFile section */
		614A3BC925737F680039AB94 /* AppDelegate.swift in Sources */ = {isa = PBXBuildFile; fileRef = 614A3BC825737F680039AB94 /* AppDelegate.swift */; };
		614A3BCB25737F680039AB94 /* SceneDelegate.swift in Sources */ = {isa = PBXBuildFile; fileRef = 614A3BCA25737F680039AB94 /* SceneDelegate.swift */; };
		614A3BCD25737F680039AB94 /* ViewController.swift in Sources */ = {isa = PBXBuildFile; fileRef = 614A3BCC25737F680039AB94 /* ViewController.swift */; };
		614A3BD025737F680039AB94 /* Main.storyboard in Resources */ = {isa = PBXBuildFile; fileRef = 614A3BCE25737F680039AB94 /* Main.storyboard */; };
		614A3BD225737F690039AB94 /* Assets.xcassets in Resources */ = {isa = PBXBuildFile; fileRef = 614A3BD125737F690039AB94 /* Assets.xcassets */; };
		614A3BD525737F690039AB94 /* LaunchScreen.storyboard in Resources */ = {isa = PBXBuildFile; fileRef = 614A3BD325737F690039AB94 /* LaunchScreen.storyboard */; };
		614A3BDF257382960039AB94 /* GoogleService-Info.plist in Resources */ = {isa = PBXBuildFile; fileRef = 614A3BDE257382960039AB94 /* GoogleService-Info.plist */; };
		61DC4DEF2579D13F008EB763 /* firstTimeViewController.swift in Sources */ = {isa = PBXBuildFile; fileRef = 61DC4DEE2579D13F008EB763 /* firstTimeViewController.swift */; };
		61DC4DF32579ED38008EB763 /* Const.swift in Sources */ = {isa = PBXBuildFile; fileRef = 61DC4DF22579ED38008EB763 /* Const.swift */; };
		EBB3203941DE3D9F48F9FD41 /* Pods_coinTowerBattle.framework in Frameworks */ = {isa = PBXBuildFile; fileRef = 88013AB2F4897F43CF95DE6C /* Pods_coinTowerBattle.framework */; };
/* End PBXBuildFile section */

/* Begin PBXFileReference section */
		204D54143783D06268C17E2F /* Pods-coinTowerBattle.release.xcconfig */ = {isa = PBXFileReference; includeInIndex = 1; lastKnownFileType = text.xcconfig; name = "Pods-coinTowerBattle.release.xcconfig"; path = "Target Support Files/Pods-coinTowerBattle/Pods-coinTowerBattle.release.xcconfig"; sourceTree = "<group>"; };
		614A3BC525737F680039AB94 /* coinTowerBattle.app */ = {isa = PBXFileReference; explicitFileType = wrapper.application; includeInIndex = 0; path = coinTowerBattle.app; sourceTree = BUILT_PRODUCTS_DIR; };
		614A3BC825737F680039AB94 /* AppDelegate.swift */ = {isa = PBXFileReference; lastKnownFileType = sourcecode.swift; path = AppDelegate.swift; sourceTree = "<group>"; };
		614A3BCA25737F680039AB94 /* SceneDelegate.swift */ = {isa = PBXFileReference; lastKnownFileType = sourcecode.swift; path = SceneDelegate.swift; sourceTree = "<group>"; };
		614A3BCC25737F680039AB94 /* ViewController.swift */ = {isa = PBXFileReference; lastKnownFileType = sourcecode.swift; path = ViewController.swift; sourceTree = "<group>"; };
		614A3BCF25737F680039AB94 /* Base */ = {isa = PBXFileReference; lastKnownFileType = file.storyboard; name = Base; path = Base.lproj/Main.storyboard; sourceTree = "<group>"; };
		614A3BD125737F690039AB94 /* Assets.xcassets */ = {isa = PBXFileReference; lastKnownFileType = folder.assetcatalog; path = Assets.xcassets; sourceTree = "<group>"; };
		614A3BD425737F690039AB94 /* Base */ = {isa = PBXFileReference; lastKnownFileType = file.storyboard; name = Base; path = Base.lproj/LaunchScreen.storyboard; sourceTree = "<group>"; };
		614A3BD625737F690039AB94 /* Info.plist */ = {isa = PBXFileReference; lastKnownFileType = text.plist.xml; path = Info.plist; sourceTree = "<group>"; };
		614A3BDE257382960039AB94 /* GoogleService-Info.plist */ = {isa = PBXFileReference; fileEncoding = 4; lastKnownFileType = text.plist.xml; path = "GoogleService-Info.plist"; sourceTree = "<group>"; };
		61DC4DEE2579D13F008EB763 /* firstTimeViewController.swift */ = {isa = PBXFileReference; lastKnownFileType = sourcecode.swift; path = firstTimeViewController.swift; sourceTree = "<group>"; };
		61DC4DF22579ED38008EB763 /* Const.swift */ = {isa = PBXFileReference; lastKnownFileType = sourcecode.swift; path = Const.swift; sourceTree = "<group>"; };
		88013AB2F4897F43CF95DE6C /* Pods_coinTowerBattle.framework */ = {isa = PBXFileReference; explicitFileType = wrapper.framework; includeInIndex = 0; path = Pods_coinTowerBattle.framework; sourceTree = BUILT_PRODUCTS_DIR; };
		BA103CD2C5C1448FFF9AE95F /* Pods-coinTowerBattle.debug.xcconfig */ = {isa = PBXFileReference; includeInIndex = 1; lastKnownFileType = text.xcconfig; name = "Pods-coinTowerBattle.debug.xcconfig"; path = "Target Support Files/Pods-coinTowerBattle/Pods-coinTowerBattle.debug.xcconfig"; sourceTree = "<group>"; };
/* End PBXFileReference section */

/* Begin PBXFrameworksBuildPhase section */
		614A3BC225737F680039AB94 /* Frameworks */ = {
			isa = PBXFrameworksBuildPhase;
			buildActionMask = 2147483647;
			files = (
				EBB3203941DE3D9F48F9FD41 /* Pods_coinTowerBattle.framework in Frameworks */,
			);
			runOnlyForDeploymentPostprocessing = 0;
		};
/* End PBXFrameworksBuildPhase section */

/* Begin PBXGroup section */
		614A3BBC25737F680039AB94 = {
			isa = PBXGroup;
			children = (
				614A3BC725737F680039AB94 /* coinTowerBattle */,
				614A3BC625737F680039AB94 /* Products */,
				902A40584D12C7FBC6F36B35 /* Pods */,
				A792737130056DD812F35157 /* Frameworks */,
			);
			sourceTree = "<group>";
		};
		614A3BC625737F680039AB94 /* Products */ = {
			isa = PBXGroup;
			children = (
				614A3BC525737F680039AB94 /* coinTowerBattle.app */,
			);
			name = Products;
			sourceTree = "<group>";
		};
		614A3BC725737F680039AB94 /* coinTowerBattle */ = {
			isa = PBXGroup;
			children = (
				614A3BC825737F680039AB94 /* AppDelegate.swift */,
				614A3BCA25737F680039AB94 /* SceneDelegate.swift */,
				614A3BCC25737F680039AB94 /* ViewController.swift */,
				61DC4DEE2579D13F008EB763 /* firstTimeViewController.swift */,
				614A3BCE25737F680039AB94 /* Main.storyboard */,
				614A3BD125737F690039AB94 /* Assets.xcassets */,
				614A3BD325737F690039AB94 /* LaunchScreen.storyboard */,
				614A3BD625737F690039AB94 /* Info.plist */,
				614A3BDE257382960039AB94 /* GoogleService-Info.plist */,
				61DC4DF22579ED38008EB763 /* Const.swift */,
			);
			path = coinTowerBattle;
			sourceTree = "<group>";
		};
		902A40584D12C7FBC6F36B35 /* Pods */ = {
			isa = PBXGroup;
			children = (
				BA103CD2C5C1448FFF9AE95F /* Pods-coinTowerBattle.debug.xcconfig */,
				204D54143783D06268C17E2F /* Pods-coinTowerBattle.release.xcconfig */,
			);
			path = Pods;
			sourceTree = "<group>";
		};
		A792737130056DD812F35157 /* Frameworks */ = {
			isa = PBXGroup;
			children = (
				88013AB2F4897F43CF95DE6C /* Pods_coinTowerBattle.framework */,
			);
			name = Frameworks;
			sourceTree = "<group>";
		};
/* End PBXGroup section */

/* Begin PBXNativeTarget section */
		614A3BC425737F680039AB94 /* coinTowerBattle */ = {
			isa = PBXNativeTarget;
			buildConfigurationList = 614A3BD925737F690039AB94 /* Build configuration list for PBXNativeTarget "coinTowerBattle" */;
			buildPhases = (
				DF7C1E8C8F6EDD1604232E90 /* [CP] Check Pods Manifest.lock */,
				614A3BC125737F680039AB94 /* Sources */,
				614A3BC225737F680039AB94 /* Frameworks */,
				614A3BC325737F680039AB94 /* Resources */,
				F34F95395B28945CD2C8A34D /* [CP] Embed Pods Frameworks */,
			);
			buildRules = (
			);
			dependencies = (
			);
			name = coinTowerBattle;
			productName = coinTowerBattle;
			productReference = 614A3BC525737F680039AB94 /* coinTowerBattle.app */;
			productType = "com.apple.product-type.application";
		};
/* End PBXNativeTarget section */

/* Begin PBXProject section */
		614A3BBD25737F680039AB94 /* Project object */ = {
			isa = PBXProject;
			attributes = {
				LastSwiftUpdateCheck = 1150;
				LastUpgradeCheck = 1150;
				ORGANIZATIONNAME = ryosuke.watanabe;
				TargetAttributes = {
					614A3BC425737F680039AB94 = {
						CreatedOnToolsVersion = 11.5;
					};
				};
			};
			buildConfigurationList = 614A3BC025737F680039AB94 /* Build configuration list for PBXProject "coinTowerBattle" */;
			compatibilityVersion = "Xcode 9.3";
			developmentRegion = en;
			hasScannedForEncodings = 0;
			knownRegions = (
				en,
				Base,
			);
			mainGroup = 614A3BBC25737F680039AB94;
			productRefGroup = 614A3BC625737F680039AB94 /* Products */;
			projectDirPath = "";
			projectRoot = "";
			targets = (
				614A3BC425737F680039AB94 /* coinTowerBattle */,
			);
		};
/* End PBXProject section */

/* Begin PBXResourcesBuildPhase section */
		614A3BC325737F680039AB94 /* Resources */ = {
			isa = PBXResourcesBuildPhase;
			buildActionMask = 2147483647;
			files = (
				614A3BD525737F690039AB94 /* LaunchScreen.storyboard in Resources */,
				614A3BDF257382960039AB94 /* GoogleService-Info.plist in Resources */,
				614A3BD225737F690039AB94 /* Assets.xcassets in Resources */,
				614A3BD025737F680039AB94 /* Main.storyboard in Resources */,
			);
			runOnlyForDeploymentPostprocessing = 0;
		};
/* End PBXResourcesBuildPhase section */

/* Begin PBXShellScriptBuildPhase section */
		DF7C1E8C8F6EDD1604232E90 /* [CP] Check Pods Manifest.lock */ = {
			isa = PBXShellScriptBuildPhase;
			buildActionMask = 2147483647;
			files = (
			);
			inputFileListPaths = (
			);
			inputPaths = (
				"${PODS_PODFILE_DIR_PATH}/Podfile.lock",
				"${PODS_ROOT}/Manifest.lock",
			);
			name = "[CP] Check Pods Manifest.lock";
			outputFileListPaths = (
			);
			outputPaths = (
				"$(DERIVED_FILE_DIR)/Pods-coinTowerBattle-checkManifestLockResult.txt",
			);
			runOnlyForDeploymentPostprocessing = 0;
			shellPath = /bin/sh;
			shellScript = "diff \"${PODS_PODFILE_DIR_PATH}/Podfile.lock\" \"${PODS_ROOT}/Manifest.lock\" > /dev/null\nif [ $? != 0 ] ; then\n    # print error to STDERR\n    echo \"error: The sandbox is not in sync with the Podfile.lock. Run 'pod install' or update your CocoaPods installation.\" >&2\n    exit 1\nfi\n# This output is used by Xcode 'outputs' to avoid re-running this script phase.\necho \"SUCCESS\" > \"${SCRIPT_OUTPUT_FILE_0}\"\n";
			showEnvVarsInLog = 0;
		};
		F34F95395B28945CD2C8A34D /* [CP] Embed Pods Frameworks */ = {
			isa = PBXShellScriptBuildPhase;
			buildActionMask = 2147483647;
			files = (
			);
			inputFileListPaths = (
				"${PODS_ROOT}/Target Support Files/Pods-coinTowerBattle/Pods-coinTowerBattle-frameworks-${CONFIGURATION}-input-files.xcfilelist",
			);
			name = "[CP] Embed Pods Frameworks";
			outputFileListPaths = (
				"${PODS_ROOT}/Target Support Files/Pods-coinTowerBattle/Pods-coinTowerBattle-frameworks-${CONFIGURATION}-output-files.xcfilelist",
			);
			runOnlyForDeploymentPostprocessing = 0;
			shellPath = /bin/sh;
			shellScript = "\"${PODS_ROOT}/Target Support Files/Pods-coinTowerBattle/Pods-coinTowerBattle-frameworks.sh\"\n";
			showEnvVarsInLog = 0;
		};
/* End PBXShellScriptBuildPhase section */

/* Begin PBXSourcesBuildPhase section */
		614A3BC125737F680039AB94 /* Sources */ = {
			isa = PBXSourcesBuildPhase;
			buildActionMask = 2147483647;
			files = (
				614A3BCD25737F680039AB94 /* ViewController.swift in Sources */,
				614A3BC925737F680039AB94 /* AppDelegate.swift in Sources */,
				61DC4DEF2579D13F008EB763 /* firstTimeViewController.swift in Sources */,
				614A3BCB25737F680039AB94 /* SceneDelegate.swift in Sources */,
				61DC4DF32579ED38008EB763 /* Const.swift in Sources */,
			);
			runOnlyForDeploymentPostprocessing = 0;
		};
/* End PBXSourcesBuildPhase section */

/* Begin PBXVariantGroup section */
		614A3BCE25737F680039AB94 /* Main.storyboard */ = {
			isa = PBXVariantGroup;
			children = (
				614A3BCF25737F680039AB94 /* Base */,
			);
			name = Main.storyboard;
			sourceTree = "<group>";
		};
		614A3BD325737F690039AB94 /* LaunchScreen.storyboard */ = {
			isa = PBXVariantGroup;
			children = (
				614A3BD425737F690039AB94 /* Base */,
			);
			name = LaunchScreen.storyboard;
			sourceTree = "<group>";
		};
/* End PBXVariantGroup section */

/* Begin XCBuildConfiguration section */
		614A3BD725737F690039AB94 /* Debug */ = {
			isa = XCBuildConfiguration;
			buildSettings = {
				ALWAYS_SEARCH_USER_PATHS = NO;
				CLANG_ANALYZER_NONNULL = YES;
				CLANG_ANALYZER_NUMBER_OBJECT_CONVERSION = YES_AGGRESSIVE;
				CLANG_CXX_LANGUAGE_STANDARD = "gnu++14";
				CLANG_CXX_LIBRARY = "libc++";
				CLANG_ENABLE_MODULES = YES;
				CLANG_ENABLE_OBJC_ARC = YES;
				CLANG_ENABLE_OBJC_WEAK = YES;
				CLANG_WARN_BLOCK_CAPTURE_AUTORELEASING = YES;
				CLANG_WARN_BOOL_CONVERSION = YES;
				CLANG_WARN_COMMA = YES;
				CLANG_WARN_CONSTANT_CONVERSION = YES;
				CLANG_WARN_DEPRECATED_OBJC_IMPLEMENTATIONS = YES;
				CLANG_WARN_DIRECT_OBJC_ISA_USAGE = YES_ERROR;
				CLANG_WARN_DOCUMENTATION_COMMENTS = YES;
				CLANG_WARN_EMPTY_BODY = YES;
				CLANG_WARN_ENUM_CONVERSION = YES;
				CLANG_WARN_INFINITE_RECURSION = YES;
				CLANG_WARN_INT_CONVERSION = YES;
				CLANG_WARN_NON_LITERAL_NULL_CONVERSION = YES;
				CLANG_WARN_OBJC_IMPLICIT_RETAIN_SELF = YES;
				CLANG_WARN_OBJC_LITERAL_CONVERSION = YES;
				CLANG_WARN_OBJC_ROOT_CLASS = YES_ERROR;
				CLANG_WARN_RANGE_LOOP_ANALYSIS = YES;
				CLANG_WARN_STRICT_PROTOTYPES = YES;
				CLANG_WARN_SUSPICIOUS_MOVE = YES;
				CLANG_WARN_UNGUARDED_AVAILABILITY = YES_AGGRESSIVE;
				CLANG_WARN_UNREACHABLE_CODE = YES;
				CLANG_WARN__DUPLICATE_METHOD_MATCH = YES;
				COPY_PHASE_STRIP = NO;
				DEBUG_INFORMATION_FORMAT = dwarf;
				ENABLE_STRICT_OBJC_MSGSEND = YES;
				ENABLE_TESTABILITY = YES;
				GCC_C_LANGUAGE_STANDARD = gnu11;
				GCC_DYNAMIC_NO_PIC = NO;
				GCC_NO_COMMON_BLOCKS = YES;
				GCC_OPTIMIZATION_LEVEL = 0;
				GCC_PREPROCESSOR_DEFINITIONS = (
					"DEBUG=1",
					"$(inherited)",
				);
				GCC_WARN_64_TO_32_BIT_CONVERSION = YES;
				GCC_WARN_ABOUT_RETURN_TYPE = YES_ERROR;
				GCC_WARN_UNDECLARED_SELECTOR = YES;
				GCC_WARN_UNINITIALIZED_AUTOS = YES_AGGRESSIVE;
				GCC_WARN_UNUSED_FUNCTION = YES;
				GCC_WARN_UNUSED_VARIABLE = YES;
				IPHONEOS_DEPLOYMENT_TARGET = 13.5;
				MTL_ENABLE_DEBUG_INFO = INCLUDE_SOURCE;
				MTL_FAST_MATH = YES;
				ONLY_ACTIVE_ARCH = YES;
				SDKROOT = iphoneos;
				SWIFT_ACTIVE_COMPILATION_CONDITIONS = DEBUG;
				SWIFT_OPTIMIZATION_LEVEL = "-Onone";
			};
			name = Debug;
		};
		614A3BD825737F690039AB94 /* Release */ = {
			isa = XCBuildConfiguration;
			buildSettings = {
				ALWAYS_SEARCH_USER_PATHS = NO;
				CLANG_ANALYZER_NONNULL = YES;
				CLANG_ANALYZER_NUMBER_OBJECT_CONVERSION = YES_AGGRESSIVE;
				CLANG_CXX_LANGUAGE_STANDARD = "gnu++14";
				CLANG_CXX_LIBRARY = "libc++";
				CLANG_ENABLE_MODULES = YES;
				CLANG_ENABLE_OBJC_ARC = YES;
				CLANG_ENABLE_OBJC_WEAK = YES;
				CLANG_WARN_BLOCK_CAPTURE_AUTORELEASING = YES;
				CLANG_WARN_BOOL_CONVERSION = YES;
				CLANG_WARN_COMMA = YES;
				CLANG_WARN_CONSTANT_CONVERSION = YES;
				CLANG_WARN_DEPRECATED_OBJC_IMPLEMENTATIONS = YES;
				CLANG_WARN_DIRECT_OBJC_ISA_USAGE = YES_ERROR;
				CLANG_WARN_DOCUMENTATION_COMMENTS = YES;
				CLANG_WARN_EMPTY_BODY = YES;
				CLANG_WARN_ENUM_CONVERSION = YES;
				CLANG_WARN_INFINITE_RECURSION = YES;
				CLANG_WARN_INT_CONVERSION = YES;
				CLANG_WARN_NON_LITERAL_NULL_CONVERSION = YES;
				CLANG_WARN_OBJC_IMPLICIT_RETAIN_SELF = YES;
				CLANG_WARN_OBJC_LITERAL_CONVERSION = YES;
				CLANG_WARN_OBJC_ROOT_CLASS = YES_ERROR;
				CLANG_WARN_RANGE_LOOP_ANALYSIS = YES;
				CLANG_WARN_STRICT_PROTOTYPES = YES;
				CLANG_WARN_SUSPICIOUS_MOVE = YES;
				CLANG_WARN_UNGUARDED_AVAILABILITY = YES_AGGRESSIVE;
				CLANG_WARN_UNREACHABLE_CODE = YES;
				CLANG_WARN__DUPLICATE_METHOD_MATCH = YES;
				COPY_PHASE_STRIP = NO;
				DEBUG_INFORMATION_FORMAT = "dwarf-with-dsym";
				ENABLE_NS_ASSERTIONS = NO;
				ENABLE_STRICT_OBJC_MSGSEND = YES;
				GCC_C_LANGUAGE_STANDARD = gnu11;
				GCC_NO_COMMON_BLOCKS = YES;
				GCC_WARN_64_TO_32_BIT_CONVERSION = YES;
				GCC_WARN_ABOUT_RETURN_TYPE = YES_ERROR;
				GCC_WARN_UNDECLARED_SELECTOR = YES;
				GCC_WARN_UNINITIALIZED_AUTOS = YES_AGGRESSIVE;
				GCC_WARN_UNUSED_FUNCTION = YES;
				GCC_WARN_UNUSED_VARIABLE = YES;
				IPHONEOS_DEPLOYMENT_TARGET = 13.5;
				MTL_ENABLE_DEBUG_INFO = NO;
				MTL_FAST_MATH = YES;
				SDKROOT = iphoneos;
				SWIFT_COMPILATION_MODE = wholemodule;
				SWIFT_OPTIMIZATION_LEVEL = "-O";
				VALIDATE_PRODUCT = YES;
			};
			name = Release;
		};
		614A3BDA25737F690039AB94 /* Debug */ = {
			isa = XCBuildConfiguration;
			baseConfigurationReference = BA103CD2C5C1448FFF9AE95F /* Pods-coinTowerBattle.debug.xcconfig */;
			buildSettings = {
				ASSETCATALOG_COMPILER_APPICON_NAME = AppIcon;
				CODE_SIGN_STYLE = Automatic;
				DEVELOPMENT_TEAM = MR9JTF8DLZ;
				INFOPLIST_FILE = coinTowerBattle/Info.plist;
				LD_RUNPATH_SEARCH_PATHS = (
					"$(inherited)",
					"@executable_path/Frameworks",
				);
				PRODUCT_BUNDLE_IDENTIFIER = jp.techacademy.watanabe.ryosuke.coinTowerBattle;
				PRODUCT_NAME = "$(TARGET_NAME)";
				SWIFT_VERSION = 5.0;
				TARGETED_DEVICE_FAMILY = 1;
			};
			name = Debug;
		};
		614A3BDB25737F690039AB94 /* Release */ = {
			isa = XCBuildConfiguration;
			baseConfigurationReference = 204D54143783D06268C17E2F /* Pods-coinTowerBattle.release.xcconfig */;
			buildSettings = {
				ASSETCATALOG_COMPILER_APPICON_NAME = AppIcon;
				CODE_SIGN_STYLE = Automatic;
				DEVELOPMENT_TEAM = MR9JTF8DLZ;
				INFOPLIST_FILE = coinTowerBattle/Info.plist;
				LD_RUNPATH_SEARCH_PATHS = (
					"$(inherited)",
					"@executable_path/Frameworks",
				);
				PRODUCT_BUNDLE_IDENTIFIER = jp.techacademy.watanabe.ryosuke.coinTowerBattle;
				PRODUCT_NAME = "$(TARGET_NAME)";
				SWIFT_VERSION = 5.0;
				TARGETED_DEVICE_FAMILY = 1;
			};
			name = Release;
		};
/* End XCBuildConfiguration section */

/* Begin XCConfigurationList section */
		614A3BC025737F680039AB94 /* Build configuration list for PBXProject "coinTowerBattle" */ = {
			isa = XCConfigurationList;
			buildConfigurations = (
				614A3BD725737F690039AB94 /* Debug */,
				614A3BD825737F690039AB94 /* Release */,
			);
			defaultConfigurationIsVisible = 0;
			defaultConfigurationName = Release;
		};
		614A3BD925737F690039AB94 /* Build configuration list for PBXNativeTarget "coinTowerBattle" */ = {
			isa = XCConfigurationList;
			buildConfigurations = (
				614A3BDA25737F690039AB94 /* Debug */,
				614A3BDB25737F690039AB94 /* Release */,
			);
			defaultConfigurationIsVisible = 0;
			defaultConfigurationName = Release;
		};
/* End XCConfigurationList section */
	};
	rootObject = 614A3BBD25737F680039AB94 /* Project object */;
}
